{
  "name": "3apedia2022-presentation-axa-pods-npm",
  "version": "1.0.0",
  "lockfileVersion": 2,
  "requires": true,
  "packages": {
    "": {
      "name": "3apedia2022-presentation-axa-pods-npm",
      "version": "1.0.0",
      "license": "ISC",
      "dependencies": {
        "reveal.js": "^4.3.1"
      },
      "devDependencies": {
        "@axa-ch/bifrost-types": "^1.0.7"
      }
    },
    "node_modules/@axa-ch/bifrost-types": {
      "version": "1.0.7",
      "resolved": "https://registry.npmjs.org/@axa-ch/bifrost-types/-/bifrost-types-1.0.7.tgz",
      "integrity": "sha512-iDVhrhNHf2LfsAak+aCUw33oJkQWP0Uhp/avM2Xw0VgdyzCWWTu6Q4yI2KOCiAoKzJH3gDwppmR26iszx7U8Hw==",
      "dev": true
    },
    "node_modules/reveal.js": {
      "version": "4.3.1",
      "resolved": "https://registry.npmjs.org/reveal.js/-/reveal.js-4.3.1.tgz",
      "integrity": "sha512-1kyEnWeUkaCdBdX//XXq9dtBK95ppvIlSwlHelrP8/wrX6LcsYp4HT9WTFoFEOUBfVqkm8C2aHQ367o+UKfcxw==",
      "engines": {
        "node": ">=10.0.0"
      }
    }
  },
  "dependencies": {
    "@axa-ch/bifrost-types": {
      "version": "1.0.7",
      "resolved": "https://registry.npmjs.org/@axa-ch/bifrost-types/-/bifrost-types-1.0.7.tgz",
      "integrity": "sha512-iDVhrhNHf2LfsAak+aCUw33oJkQWP0Uhp/avM2Xw0VgdyzCWWTu6Q4yI2KOCiAoKzJH3gDwppmR26iszx7U8Hw==",
      "dev": true
    },
    "reveal.js": {
      "version": "4.3.1",
      "resolved": "https://registry.npmjs.org/reveal.js/-/reveal.js-4.3.1.tgz",
      "integrity": "sha512-1kyEnWeUkaCdBdX//XXq9dtBK95ppvIlSwlHelrP8/wrX6LcsYp4HT9WTFoFEOUBfVqkm8C2aHQ367o+UKfcxw=="
    }
  }
}
